
Microsoft Visual Studio Solution File, Format Version 12.00
# Visual Studio Version 16
VisualStudioVersion = 16.0.29230.47
MinimumVisualStudioVersion = 10.0.40219.1
Project("{FAE04EC0-301F-11D3-BF4B-00C04F79EFBC}") = "MediaShareBot", "MediaShareBot\MediaShareBot.csproj", "{B431031D-08E7-4043-8170-3DA7CF9A063F}"
EndProject
Global
	GlobalSection(SolutionConfigurationPlatforms) = preSolution
		Debug|Any CPU = Debug|Any CPU
		Release|Any CPU = Release|Any CPU
	EndGlobalSection
	GlobalSection(ProjectConfigurationPlatforms) = postSolution
		{B431031D-08E7-4043-8170-3DA7CF9A063F}.Debug|Any CPU.ActiveCfg = Debug|Any CPU
		{B431031D-08E7-4043-8170-3DA7CF9A063F}.Debug|Any CPU.Build.0 = Debug|Any CPU
		{B431031D-08E7-4043-8170-3DA7CF9A063F}.Release|Any CPU.ActiveCfg = Release|Any CPU
		{B431031D-08E7-4043-8170-3DA7CF9A063F}.Release|Any CPU.Build.0 = Release|Any CPU
	EndGlobalSection
	GlobalSection(SolutionProperties) = preSolution
		HideSolutionNode = FALSE
	EndGlobalSection
	GlobalSection(ExtensibilityGlobals) = postSolution
		SolutionGuid = {118A4A23-EF41-4EAE-B75D-1E4DF67C2B41}
	EndGlobalSection
EndGlobal
